
Microsoft Visual Studio Solution File, Format Version 12.00
# Visual Studio Version 17
VisualStudioVersion = 17.0.32014.148
MinimumVisualStudioVersion = 10.0.40219.1
Project("{9A19103F-16F7-4668-BE54-9A1E7A4F7556}") = "Neurocita.Reactive.Pipes", "Neurocita.Reactive.Pipes\Neurocita.Reactive.Pipes.csproj", "{03C72E21-284C-4834-81A0-A8A2D1273084}"
EndProject
Project("{FAE04EC0-301F-11D3-BF4B-00C04F79EFBC}") = "Neurocita.Reactive.Pipes.ConsoleTest", "Neurocita.Reactive.Pipes.ConsoleTest\Neurocita.Reactive.Pipes.ConsoleTest.csproj", "{3FFA77C6-D341-4AD2-BCF0-D32DFC6C25E2}"
EndProject
Project("{9A19103F-16F7-4668-BE54-9A1E7A4F7556}") = "Neurocita.Reactive", "Neurocita.Reactive\Neurocita.Reactive.csproj", "{7E311CDC-1B0D-48EA-9379-0979EA406292}"
EndProject
Project("{9A19103F-16F7-4668-BE54-9A1E7A4F7556}") = "Neurocita.Reactive.Amqp", "Neurocita.Reactive.Amqp\Neurocita.Reactive.Amqp.csproj", "{59ED163C-B795-4800-9970-66A913B9E6DF}"
EndProject
Project("{9A19103F-16F7-4668-BE54-9A1E7A4F7556}") = "Neurocita.Reactive.Nats", "Neurocita.Reactive.Nats\Neurocita.Reactive.Nats.csproj", "{426590B8-A747-4A81-9130-4EF76F1E0486}"
EndProject
Project("{9A19103F-16F7-4668-BE54-9A1E7A4F7556}") = "Neurocita.Reactive.Stomp", "Neurocita.Reactive.Stomp\Neurocita.Reactive.Stomp.csproj", "{9A489BD7-A55D-4D03-95F7-37A4588EC35D}"
EndProject
Project("{9A19103F-16F7-4668-BE54-9A1E7A4F7556}") = "Neurocita.Reactive.Mqtt", "Neurocita.Reactive.Mqtt\Neurocita.Reactive.Mqtt.csproj", "{BFB5FE50-A154-4BE4-A5EF-80CEED55E7E3}"
EndProject
Project("{9A19103F-16F7-4668-BE54-9A1E7A4F7556}") = "Neurocita.Reactive.NetMq", "Neurocita.Reactive.NetMq\Neurocita.Reactive.NetMq.csproj", "{7296CDE8-60B2-43B0-BCEC-33DD5A5701FD}"
EndProject
Project("{FAE04EC0-301F-11D3-BF4B-00C04F79EFBC}") = "Neurocita.Reactive.Amqp.ConsoleTest", "Neurocita.Reactive.Amqp.ConsoleTest\Neurocita.Reactive.Amqp.ConsoleTest.csproj", "{D2F47A9A-E7BB-452C-8E42-FC639B895992}"
EndProject
Project("{9A19103F-16F7-4668-BE54-9A1E7A4F7556}") = "Neurocita.Reactive.Pulsar", "Neurocita.Reactive.Pulsar\Neurocita.Reactive.Pulsar.csproj", "{A760E79D-56E8-4D50-BCF3-B5F494BCB4D7}"
EndProject
Project("{9A19103F-16F7-4668-BE54-9A1E7A4F7556}") = "Neurocita.Reactive.Nsq", "Neurocita.Reactive.Nsq\Neurocita.Reactive.Nsq.csproj", "{DABAA3C4-4F08-434F-BF5D-EC353102BBB5}"
EndProject
Project("{9A19103F-16F7-4668-BE54-9A1E7A4F7556}") = "Neurocita.Reactive.FluentFTP", "Neurocita.Reactive.FluentFTP\Neurocita.Reactive.FluentFTP.csproj", "{AFA94D8E-A2E5-43DF-870A-748F2F7A1516}"
EndProject
Project("{9A19103F-16F7-4668-BE54-9A1E7A4F7556}") = "Neurocita.Reactive.MSTest.Core", "Neurocita.Reactive.UnitTest\Neurocita.Reactive.MSTest.Core.csproj", "{A1A8F767-C951-48BB-8377-326796A50655}"
EndProject
Project("{FAE04EC0-301F-11D3-BF4B-00C04F79EFBC}") = "Neurocita.Reactive.MSTest.Framework", "Neurocita.Reactive.UnitTest\Neurocita.Reactive.MSTest.Framework\Neurocita.Reactive.MSTest.Framework.csproj", "{BA9CF172-595F-47CC-9BBC-BC78BDE401E3}"
EndProject
Project("{FAE04EC0-301F-11D3-BF4B-00C04F79EFBC}") = "Neurocita.Reactive.NLog", "Neurocita.Reactive.NLog\Neurocita.Reactive.NLog.csproj", "{C85D336B-D313-4EDC-8F3F-20F32EB8E11A}"
EndProject
Project("{FAE04EC0-301F-11D3-BF4B-00C04F79EFBC}") = "Neurocita.Reactive.Serilog", "Neurocita.Reactive.Serilog\Neurocita.Reactive.Serilog.csproj", "{C4EA80FA-6331-4AA5-9ED2-FB9EB2316048}"
EndProject
Project("{FAE04EC0-301F-11D3-BF4B-00C04F79EFBC}") = "Neurocita.Reactive.Log4Net", "Neurocita.Reactive.Log4Net\Neurocita.Reactive.Log4Net.csproj", "{F7502652-F8E2-4FFD-B0E7-9D3C781D6C5F}"
EndProject
Global
	GlobalSection(SolutionConfigurationPlatforms) = preSolution
		Debug|Any CPU = Debug|Any CPU
		Release|Any CPU = Release|Any CPU
	EndGlobalSection
	GlobalSection(ProjectConfigurationPlatforms) = postSolution
		{03C72E21-284C-4834-81A0-A8A2D1273084}.Debug|Any CPU.ActiveCfg = Debug|Any CPU
		{03C72E21-284C-4834-81A0-A8A2D1273084}.Debug|Any CPU.Build.0 = Debug|Any CPU
		{03C72E21-284C-4834-81A0-A8A2D1273084}.Release|Any CPU.ActiveCfg = Release|Any CPU
		{03C72E21-284C-4834-81A0-A8A2D1273084}.Release|Any CPU.Build.0 = Release|Any CPU
		{3FFA77C6-D341-4AD2-BCF0-D32DFC6C25E2}.Debug|Any CPU.ActiveCfg = Debug|Any CPU
		{3FFA77C6-D341-4AD2-BCF0-D32DFC6C25E2}.Debug|Any CPU.Build.0 = Debug|Any CPU
		{3FFA77C6-D341-4AD2-BCF0-D32DFC6C25E2}.Release|Any CPU.ActiveCfg = Release|Any CPU
		{3FFA77C6-D341-4AD2-BCF0-D32DFC6C25E2}.Release|Any CPU.Build.0 = Release|Any CPU
		{7E311CDC-1B0D-48EA-9379-0979EA406292}.Debug|Any CPU.ActiveCfg = Debug|Any CPU
		{7E311CDC-1B0D-48EA-9379-0979EA406292}.Debug|Any CPU.Build.0 = Debug|Any CPU
		{7E311CDC-1B0D-48EA-9379-0979EA406292}.Release|Any CPU.ActiveCfg = Release|Any CPU
		{7E311CDC-1B0D-48EA-9379-0979EA406292}.Release|Any CPU.Build.0 = Release|Any CPU
		{59ED163C-B795-4800-9970-66A913B9E6DF}.Debug|Any CPU.ActiveCfg = Debug|Any CPU
		{59ED163C-B795-4800-9970-66A913B9E6DF}.Debug|Any CPU.Build.0 = Debug|Any CPU
		{59ED163C-B795-4800-9970-66A913B9E6DF}.Release|Any CPU.ActiveCfg = Release|Any CPU
		{59ED163C-B795-4800-9970-66A913B9E6DF}.Release|Any CPU.Build.0 = Release|Any CPU
		{426590B8-A747-4A81-9130-4EF76F1E0486}.Debug|Any CPU.ActiveCfg = Debug|Any CPU
		{426590B8-A747-4A81-9130-4EF76F1E0486}.Debug|Any CPU.Build.0 = Debug|Any CPU
		{426590B8-A747-4A81-9130-4EF76F1E0486}.Release|Any CPU.ActiveCfg = Release|Any CPU
		{426590B8-A747-4A81-9130-4EF76F1E0486}.Release|Any CPU.Build.0 = Release|Any CPU
		{9A489BD7-A55D-4D03-95F7-37A4588EC35D}.Debug|Any CPU.ActiveCfg = Debug|Any CPU
		{9A489BD7-A55D-4D03-95F7-37A4588EC35D}.Debug|Any CPU.Build.0 = Debug|Any CPU
		{9A489BD7-A55D-4D03-95F7-37A4588EC35D}.Release|Any CPU.ActiveCfg = Release|Any CPU
		{9A489BD7-A55D-4D03-95F7-37A4588EC35D}.Release|Any CPU.Build.0 = Release|Any CPU
		{BFB5FE50-A154-4BE4-A5EF-80CEED55E7E3}.Debug|Any CPU.ActiveCfg = Debug|Any CPU
		{BFB5FE50-A154-4BE4-A5EF-80CEED55E7E3}.Debug|Any CPU.Build.0 = Debug|Any CPU
		{BFB5FE50-A154-4BE4-A5EF-80CEED55E7E3}.Release|Any CPU.ActiveCfg = Release|Any CPU
		{BFB5FE50-A154-4BE4-A5EF-80CEED55E7E3}.Release|Any CPU.Build.0 = Release|Any CPU
		{7296CDE8-60B2-43B0-BCEC-33DD5A5701FD}.Debug|Any CPU.ActiveCfg = Debug|Any CPU
		{7296CDE8-60B2-43B0-BCEC-33DD5A5701FD}.Debug|Any CPU.Build.0 = Debug|Any CPU
		{7296CDE8-60B2-43B0-BCEC-33DD5A5701FD}.Release|Any CPU.ActiveCfg = Release|Any CPU
		{7296CDE8-60B2-43B0-BCEC-33DD5A5701FD}.Release|Any CPU.Build.0 = Release|Any CPU
		{D2F47A9A-E7BB-452C-8E42-FC639B895992}.Debug|Any CPU.ActiveCfg = Debug|Any CPU
		{D2F47A9A-E7BB-452C-8E42-FC639B895992}.Debug|Any CPU.Build.0 = Debug|Any CPU
		{D2F47A9A-E7BB-452C-8E42-FC639B895992}.Release|Any CPU.ActiveCfg = Release|Any CPU
		{D2F47A9A-E7BB-452C-8E42-FC639B895992}.Release|Any CPU.Build.0 = Release|Any CPU
		{A760E79D-56E8-4D50-BCF3-B5F494BCB4D7}.Debug|Any CPU.ActiveCfg = Debug|Any CPU
		{A760E79D-56E8-4D50-BCF3-B5F494BCB4D7}.Debug|Any CPU.Build.0 = Debug|Any CPU
		{A760E79D-56E8-4D50-BCF3-B5F494BCB4D7}.Release|Any CPU.ActiveCfg = Release|Any CPU
		{A760E79D-56E8-4D50-BCF3-B5F494BCB4D7}.Release|Any CPU.Build.0 = Release|Any CPU
		{DABAA3C4-4F08-434F-BF5D-EC353102BBB5}.Debug|Any CPU.ActiveCfg = Debug|Any CPU
		{DABAA3C4-4F08-434F-BF5D-EC353102BBB5}.Debug|Any CPU.Build.0 = Debug|Any CPU
		{DABAA3C4-4F08-434F-BF5D-EC353102BBB5}.Release|Any CPU.ActiveCfg = Release|Any CPU
		{DABAA3C4-4F08-434F-BF5D-EC353102BBB5}.Release|Any CPU.Build.0 = Release|Any CPU
		{AFA94D8E-A2E5-43DF-870A-748F2F7A1516}.Debug|Any CPU.ActiveCfg = Debug|Any CPU
		{AFA94D8E-A2E5-43DF-870A-748F2F7A1516}.Debug|Any CPU.Build.0 = Debug|Any CPU
		{AFA94D8E-A2E5-43DF-870A-748F2F7A1516}.Release|Any CPU.ActiveCfg = Release|Any CPU
		{AFA94D8E-A2E5-43DF-870A-748F2F7A1516}.Release|Any CPU.Build.0 = Release|Any CPU
		{A1A8F767-C951-48BB-8377-326796A50655}.Debug|Any CPU.ActiveCfg = Debug|Any CPU
		{A1A8F767-C951-48BB-8377-326796A50655}.Debug|Any CPU.Build.0 = Debug|Any CPU
		{A1A8F767-C951-48BB-8377-326796A50655}.Release|Any CPU.ActiveCfg = Release|Any CPU
		{A1A8F767-C951-48BB-8377-326796A50655}.Release|Any CPU.Build.0 = Release|Any CPU
		{BA9CF172-595F-47CC-9BBC-BC78BDE401E3}.Debug|Any CPU.ActiveCfg = Debug|Any CPU
		{BA9CF172-595F-47CC-9BBC-BC78BDE401E3}.Debug|Any CPU.Build.0 = Debug|Any CPU
		{BA9CF172-595F-47CC-9BBC-BC78BDE401E3}.Release|Any CPU.ActiveCfg = Release|Any CPU
		{BA9CF172-595F-47CC-9BBC-BC78BDE401E3}.Release|Any CPU.Build.0 = Release|Any CPU
		{C85D336B-D313-4EDC-8F3F-20F32EB8E11A}.Debug|Any CPU.ActiveCfg = Debug|Any CPU
		{C85D336B-D313-4EDC-8F3F-20F32EB8E11A}.Debug|Any CPU.Build.0 = Debug|Any CPU
		{C85D336B-D313-4EDC-8F3F-20F32EB8E11A}.Release|Any CPU.ActiveCfg = Release|Any CPU
		{C85D336B-D313-4EDC-8F3F-20F32EB8E11A}.Release|Any CPU.Build.0 = Release|Any CPU
		{C4EA80FA-6331-4AA5-9ED2-FB9EB2316048}.Debug|Any CPU.ActiveCfg = Debug|Any CPU
		{C4EA80FA-6331-4AA5-9ED2-FB9EB2316048}.Debug|Any CPU.Build.0 = Debug|Any CPU
		{C4EA80FA-6331-4AA5-9ED2-FB9EB2316048}.Release|Any CPU.ActiveCfg = Release|Any CPU
		{C4EA80FA-6331-4AA5-9ED2-FB9EB2316048}.Release|Any CPU.Build.0 = Release|Any CPU
		{F7502652-F8E2-4FFD-B0E7-9D3C781D6C5F}.Debug|Any CPU.ActiveCfg = Debug|Any CPU
		{F7502652-F8E2-4FFD-B0E7-9D3C781D6C5F}.Debug|Any CPU.Build.0 = Debug|Any CPU
		{F7502652-F8E2-4FFD-B0E7-9D3C781D6C5F}.Release|Any CPU.ActiveCfg = Release|Any CPU
		{F7502652-F8E2-4FFD-B0E7-9D3C781D6C5F}.Release|Any CPU.Build.0 = Release|Any CPU
	EndGlobalSection
	GlobalSection(SolutionProperties) = preSolution
		HideSolutionNode = FALSE
	EndGlobalSection
	GlobalSection(ExtensibilityGlobals) = postSolution
		SolutionGuid = {24F6E093-B9B2-4D76-8566-EBE5B413897D}
	EndGlobalSection
EndGlobal
