
Microsoft Visual Studio Solution File, Format Version 12.00
# Visual Studio Version 17
VisualStudioVersion = 17.0.31903.59
MinimumVisualStudioVersion = 10.0.40219.1
Project("{2150E333-8FDC-42A3-9474-1A3956D46DE8}") = "src", "src", "{A7DEBD71-FE4C-4CB1-8264-A539782E4934}"
EndProject
Project("{FAE04EC0-301F-11D3-BF4B-00C04F79EFBC}") = "Neurocita.Reactive", "src\Neurocita.Reactive\Neurocita.Reactive.csproj", "{988BB921-DF55-4E14-ACA4-1092B1D9F71B}"
EndProject
Global
	GlobalSection(SolutionConfigurationPlatforms) = preSolution
		Debug|Any CPU = Debug|Any CPU
		Release|Any CPU = Release|Any CPU
	EndGlobalSection
	GlobalSection(SolutionProperties) = preSolution
		HideSolutionNode = FALSE
	EndGlobalSection
	GlobalSection(ProjectConfigurationPlatforms) = postSolution
		{988BB921-DF55-4E14-ACA4-1092B1D9F71B}.Debug|Any CPU.ActiveCfg = Debug|Any CPU
		{988BB921-DF55-4E14-ACA4-1092B1D9F71B}.Debug|Any CPU.Build.0 = Debug|Any CPU
		{988BB921-DF55-4E14-ACA4-1092B1D9F71B}.Release|Any CPU.ActiveCfg = Release|Any CPU
		{988BB921-DF55-4E14-ACA4-1092B1D9F71B}.Release|Any CPU.Build.0 = Release|Any CPU
	EndGlobalSection
	GlobalSection(NestedProjects) = preSolution
		{988BB921-DF55-4E14-ACA4-1092B1D9F71B} = {A7DEBD71-FE4C-4CB1-8264-A539782E4934}
	EndGlobalSection
EndGlobal
